
Microsoft Visual Studio Solution File, Format Version 12.00
# Visual Studio Version 17
VisualStudioVersion = 17.8.34511.84
MinimumVisualStudioVersion = 10.0.40219.1
Project("{FAE04EC0-301F-11D3-BF4B-00C04F79EFBC}") = "PruebaEscritorio", "PruebaEscritorio.csproj", "{BDED03D3-9749-4147-89DE-29D1E0AAD698}"
EndProject
Global
	GlobalSection(SolutionConfigurationPlatforms) = preSolution
		Debug|Any CPU = Debug|Any CPU
		Release|Any CPU = Release|Any CPU
	EndGlobalSection
	GlobalSection(ProjectConfigurationPlatforms) = postSolution
		{BDED03D3-9749-4147-89DE-29D1E0AAD698}.Debug|Any CPU.ActiveCfg = Debug|Any CPU
		{BDED03D3-9749-4147-89DE-29D1E0AAD698}.Debug|Any CPU.Build.0 = Debug|Any CPU
		{BDED03D3-9749-4147-89DE-29D1E0AAD698}.Release|Any CPU.ActiveCfg = Release|Any CPU
		{BDED03D3-9749-4147-89DE-29D1E0AAD698}.Release|Any CPU.Build.0 = Release|Any CPU
	EndGlobalSection
	GlobalSection(SolutionProperties) = preSolution
		HideSolutionNode = FALSE
	EndGlobalSection
	GlobalSection(ExtensibilityGlobals) = postSolution
		SolutionGuid = {6A284092-ACCB-4895-84B7-9D8A28EF2578}
	EndGlobalSection
EndGlobal
